// !$*UTF8*$!
{
	archiveVersion = 1;
	classes = {
	};
	objectVersion = 50;
	objects = {

/* Begin PBXBuildFile section */
		3F6235C3257F7BE400DE7BDC /* AppDelegate.swift in Sources */ = {isa = PBXBuildFile; fileRef = 3F6235C2257F7BE400DE7BDC /* AppDelegate.swift */; };
		3F6235C5257F7BE400DE7BDC /* SceneDelegate.swift in Sources */ = {isa = PBXBuildFile; fileRef = 3F6235C4257F7BE400DE7BDC /* SceneDelegate.swift */; };
		3F6235C7257F7BE400DE7BDC /* ViewController.swift in Sources */ = {isa = PBXBuildFile; fileRef = 3F6235C6257F7BE400DE7BDC /* ViewController.swift */; };
		3F6235CA257F7BE400DE7BDC /* Main.storyboard in Resources */ = {isa = PBXBuildFile; fileRef = 3F6235C8257F7BE400DE7BDC /* Main.storyboard */; };
		3F6235CC257F7BE500DE7BDC /* Assets.xcassets in Resources */ = {isa = PBXBuildFile; fileRef = 3F6235CB257F7BE500DE7BDC /* Assets.xcassets */; };
		3F6235CF257F7BE500DE7BDC /* LaunchScreen.storyboard in Resources */ = {isa = PBXBuildFile; fileRef = 3F6235CD257F7BE500DE7BDC /* LaunchScreen.storyboard */; };
/* End PBXBuildFile section */

/* Begin PBXFileReference section */
		3F6235BF257F7BE400DE7BDC /* davaleba-12.app */ = {isa = PBXFileReference; explicitFileType = wrapper.application; includeInIndex = 0; path = "davaleba-12.app"; sourceTree = BUILT_PRODUCTS_DIR; };
		3F6235C2257F7BE400DE7BDC /* AppDelegate.swift */ = {isa = PBXFileReference; lastKnownFileType = sourcecode.swift; path = AppDelegate.swift; sourceTree = "<group>"; };
		3F6235C4257F7BE400DE7BDC /* SceneDelegate.swift */ = {isa = PBXFileReference; lastKnownFileType = sourcecode.swift; path = SceneDelegate.swift; sourceTree = "<group>"; };
		3F6235C6257F7BE400DE7BDC /* ViewController.swift */ = {isa = PBXFileReference; lastKnownFileType = sourcecode.swift; path = ViewController.swift; sourceTree = "<group>"; };
		3F6235C9257F7BE400DE7BDC /* Base */ = {isa = PBXFileReference; lastKnownFileType = file.storyboard; name = Base; path = Base.lproj/Main.storyboard; sourceTree = "<group>"; };
		3F6235CB257F7BE500DE7BDC /* Assets.xcassets */ = {isa = PBXFileReference; lastKnownFileType = folder.assetcatalog; path = Assets.xcassets; sourceTree = "<group>"; };
		3F6235CE257F7BE500DE7BDC /* Base */ = {isa = PBXFileReference; lastKnownFileType = file.storyboard; name = Base; path = Base.lproj/LaunchScreen.storyboard; sourceTree = "<group>"; };
		3F6235D0257F7BE500DE7BDC /* Info.plist */ = {isa = PBXFileReference; lastKnownFileType = text.plist.xml; path = Info.plist; sourceTree = "<group>"; };
/* End PBXFileReference section */

/* Begin PBXFrameworksBuildPhase section */
		3F6235BC257F7BE400DE7BDC /* Frameworks */ = {
			isa = PBXFrameworksBuildPhase;
			buildActionMask = 2147483647;
			files = (
			);
			runOnlyForDeploymentPostprocessing = 0;
		};
/* End PBXFrameworksBuildPhase section */

/* Begin PBXGroup section */
		3F6235B6257F7BE400DE7BDC = {
			isa = PBXGroup;
			children = (
				3F6235C1257F7BE400DE7BDC /* davaleba-12 */,
				3F6235C0257F7BE400DE7BDC /* Products */,
			);
			sourceTree = "<group>";
		};
		3F6235C0257F7BE400DE7BDC /* Products */ = {
			isa = PBXGroup;
			children = (
				3F6235BF257F7BE400DE7BDC /* davaleba-12.app */,
			);
			name = Products;
			sourceTree = "<group>";
		};
		3F6235C1257F7BE400DE7BDC /* davaleba-12 */ = {
			isa = PBXGroup;
			children = (
				3F6235C2257F7BE400DE7BDC /* AppDelegate.swift */,
				3F6235C4257F7BE400DE7BDC /* SceneDelegate.swift */,
				3F6235C6257F7BE400DE7BDC /* ViewController.swift */,
				3F6235C8257F7BE400DE7BDC /* Main.storyboard */,
				3F6235CB257F7BE500DE7BDC /* Assets.xcassets */,
				3F6235CD257F7BE500DE7BDC /* LaunchScreen.storyboard */,
				3F6235D0257F7BE500DE7BDC /* Info.plist */,
			);
			path = "davaleba-12";
			sourceTree = "<group>";
		};
/* End PBXGroup section */

/* Begin PBXNativeTarget section */
		3F6235BE257F7BE400DE7BDC /* davaleba-12 */ = {
			isa = PBXNativeTarget;
			buildConfigurationList = 3F6235D3257F7BE500DE7BDC /* Build configuration list for PBXNativeTarget "davaleba-12" */;
			buildPhases = (
				3F6235BB257F7BE400DE7BDC /* Sources */,
				3F6235BC257F7BE400DE7BDC /* Frameworks */,
				3F6235BD257F7BE400DE7BDC /* Resources */,
			);
			buildRules = (
			);
			dependencies = (
			);
			name = "davaleba-12";
			productName = "davaleba-12";
			productReference = 3F6235BF257F7BE400DE7BDC /* davaleba-12.app */;
			productType = "com.apple.product-type.application";
		};
/* End PBXNativeTarget section */

/* Begin PBXProject section */
		3F6235B7257F7BE400DE7BDC /* Project object */ = {
			isa = PBXProject;
			attributes = {
				LastSwiftUpdateCheck = 1210;
				LastUpgradeCheck = 1210;
				TargetAttributes = {
					3F6235BE257F7BE400DE7BDC = {
						CreatedOnToolsVersion = 12.1;
					};
				};
			};
			buildConfigurationList = 3F6235BA257F7BE400DE7BDC /* Build configuration list for PBXProject "davaleba-12" */;
			compatibilityVersion = "Xcode 9.3";
			developmentRegion = en;
			hasScannedForEncodings = 0;
			knownRegions = (
				en,
				Base,
			);
			mainGroup = 3F6235B6257F7BE400DE7BDC;
			productRefGroup = 3F6235C0257F7BE400DE7BDC /* Products */;
			projectDirPath = "";
			projectRoot = "";
			targets = (
				3F6235BE257F7BE400DE7BDC /* davaleba-12 */,
			);
		};
/* End PBXProject section */

/* Begin PBXResourcesBuildPhase section */
		3F6235BD257F7BE400DE7BDC /* Resources */ = {
			isa = PBXResourcesBuildPhase;
			buildActionMask = 2147483647;
			files = (
				3F6235CF257F7BE500DE7BDC /* LaunchScreen.storyboard in Resources */,
				3F6235CC257F7BE500DE7BDC /* Assets.xcassets in Resources */,
				3F6235CA257F7BE400DE7BDC /* Main.storyboard in Resources */,
			);
			runOnlyForDeploymentPostprocessing = 0;
		};
/* End PBXResourcesBuildPhase section */

/* Begin PBXSourcesBuildPhase section */
		3F6235BB257F7BE400DE7BDC /* Sources */ = {
			isa = PBXSourcesBuildPhase;
			buildActionMask = 2147483647;
			files = (
				3F6235C7257F7BE400DE7BDC /* ViewController.swift in Sources */,
				3F6235C3257F7BE400DE7BDC /* AppDelegate.swift in Sources */,
				3F6235C5257F7BE400DE7BDC /* SceneDelegate.swift in Sources */,
			);
			runOnlyForDeploymentPostprocessing = 0;
		};
/* End PBXSourcesBuildPhase section */

/* Begin PBXVariantGroup section */
		3F6235C8257F7BE400DE7BDC /* Main.storyboard */ = {
			isa = PBXVariantGroup;
			children = (
				3F6235C9257F7BE400DE7BDC /* Base */,
			);
			name = Main.storyboard;
			sourceTree = "<group>";
		};
		3F6235CD257F7BE500DE7BDC /* LaunchScreen.storyboard */ = {
			isa = PBXVariantGroup;
			children = (
				3F6235CE257F7BE500DE7BDC /* Base */,
			);
			name = LaunchScreen.storyboard;
			sourceTree = "<group>";
		};
/* End PBXVariantGroup section */

/* Begin XCBuildConfiguration section */
		3F6235D1257F7BE500DE7BDC /* Debug */ = {
			isa = XCBuildConfiguration;
			buildSettings = {
				ALWAYS_SEARCH_USER_PATHS = NO;
				CLANG_ANALYZER_NONNULL = YES;
				CLANG_ANALYZER_NUMBER_OBJECT_CONVERSION = YES_AGGRESSIVE;
				CLANG_CXX_LANGUAGE_STANDARD = "gnu++14";
				CLANG_CXX_LIBRARY = "libc++";
				CLANG_ENABLE_MODULES = YES;
				CLANG_ENABLE_OBJC_ARC = YES;
				CLANG_ENABLE_OBJC_WEAK = YES;
				CLANG_WARN_BLOCK_CAPTURE_AUTORELEASING = YES;
				CLANG_WARN_BOOL_CONVERSION = YES;
				CLANG_WARN_COMMA = YES;
				CLANG_WARN_CONSTANT_CONVERSION = YES;
				CLANG_WARN_DEPRECATED_OBJC_IMPLEMENTATIONS = YES;
				CLANG_WARN_DIRECT_OBJC_ISA_USAGE = YES_ERROR;
				CLANG_WARN_DOCUMENTATION_COMMENTS = YES;
				CLANG_WARN_EMPTY_BODY = YES;
				CLANG_WARN_ENUM_CONVERSION = YES;
				CLANG_WARN_INFINITE_RECURSION = YES;
				CLANG_WARN_INT_CONVERSION = YES;
				CLANG_WARN_NON_LITERAL_NULL_CONVERSION = YES;
				CLANG_WARN_OBJC_IMPLICIT_RETAIN_SELF = YES;
				CLANG_WARN_OBJC_LITERAL_CONVERSION = YES;
				CLANG_WARN_OBJC_ROOT_CLASS = YES_ERROR;
				CLANG_WARN_QUOTED_INCLUDE_IN_FRAMEWORK_HEADER = YES;
				CLANG_WARN_RANGE_LOOP_ANALYSIS = YES;
				CLANG_WARN_STRICT_PROTOTYPES = YES;
				CLANG_WARN_SUSPICIOUS_MOVE = YES;
				CLANG_WARN_UNGUARDED_AVAILABILITY = YES_AGGRESSIVE;
				CLANG_WARN_UNREACHABLE_CODE = YES;
				CLANG_WARN__DUPLICATE_METHOD_MATCH = YES;
				COPY_PHASE_STRIP = NO;
				DEBUG_INFORMATION_FORMAT = dwarf;
				ENABLE_STRICT_OBJC_MSGSEND = YES;
				ENABLE_TESTABILITY = YES;
				GCC_C_LANGUAGE_STANDARD = gnu11;
				GCC_DYNAMIC_NO_PIC = NO;
				GCC_NO_COMMON_BLOCKS = YES;
				GCC_OPTIMIZATION_LEVEL = 0;
				GCC_PREPROCESSOR_DEFINITIONS = (
					"DEBUG=1",
					"$(inherited)",
				);
				GCC_WARN_64_TO_32_BIT_CONVERSION = YES;
				GCC_WARN_ABOUT_RETURN_TYPE = YES_ERROR;
				GCC_WARN_UNDECLARED_SELECTOR = YES;
				GCC_WARN_UNINITIALIZED_AUTOS = YES_AGGRESSIVE;
				GCC_WARN_UNUSED_FUNCTION = YES;
				GCC_WARN_UNUSED_VARIABLE = YES;
				IPHONEOS_DEPLOYMENT_TARGET = 14.1;
				MTL_ENABLE_DEBUG_INFO = INCLUDE_SOURCE;
				MTL_FAST_MATH = YES;
				ONLY_ACTIVE_ARCH = YES;
				SDKROOT = iphoneos;
				SWIFT_ACTIVE_COMPILATION_CONDITIONS = DEBUG;
				SWIFT_OPTIMIZATION_LEVEL = "-Onone";
			};
			name = Debug;
		};
		3F6235D2257F7BE500DE7BDC /* Release */ = {
			isa = XCBuildConfiguration;
			buildSettings = {
				ALWAYS_SEARCH_USER_PATHS = NO;
				CLANG_ANALYZER_NONNULL = YES;
				CLANG_ANALYZER_NUMBER_OBJECT_CONVERSION = YES_AGGRESSIVE;
				CLANG_CXX_LANGUAGE_STANDARD = "gnu++14";
				CLANG_CXX_LIBRARY = "libc++";
				CLANG_ENABLE_MODULES = YES;
				CLANG_ENABLE_OBJC_ARC = YES;
				CLANG_ENABLE_OBJC_WEAK = YES;
				CLANG_WARN_BLOCK_CAPTURE_AUTORELEASING = YES;
				CLANG_WARN_BOOL_CONVERSION = YES;
				CLANG_WARN_COMMA = YES;
				CLANG_WARN_CONSTANT_CONVERSION = YES;
				CLANG_WARN_DEPRECATED_OBJC_IMPLEMENTATIONS = YES;
				CLANG_WARN_DIRECT_OBJC_ISA_USAGE = YES_ERROR;
				CLANG_WARN_DOCUMENTATION_COMMENTS = YES;
				CLANG_WARN_EMPTY_BODY = YES;
				CLANG_WARN_ENUM_CONVERSION = YES;
				CLANG_WARN_INFINITE_RECURSION = YES;
				CLANG_WARN_INT_CONVERSION = YES;
				CLANG_WARN_NON_LITERAL_NULL_CONVERSION = YES;
				CLANG_WARN_OBJC_IMPLICIT_RETAIN_SELF = YES;
				CLANG_WARN_OBJC_LITERAL_CONVERSION = YES;
				CLANG_WARN_OBJC_ROOT_CLASS = YES_ERROR;
				CLANG_WARN_QUOTED_INCLUDE_IN_FRAMEWORK_HEADER = YES;
				CLANG_WARN_RANGE_LOOP_ANALYSIS = YES;
				CLANG_WARN_STRICT_PROTOTYPES = YES;
				CLANG_WARN_SUSPICIOUS_MOVE = YES;
				CLANG_WARN_UNGUARDED_AVAILABILITY = YES_AGGRESSIVE;
				CLANG_WARN_UNREACHABLE_CODE = YES;
				CLANG_WARN__DUPLICATE_METHOD_MATCH = YES;
				COPY_PHASE_STRIP = NO;
				DEBUG_INFORMATION_FORMAT = "dwarf-with-dsym";
				ENABLE_NS_ASSERTIONS = NO;
				ENABLE_STRICT_OBJC_MSGSEND = YES;
				GCC_C_LANGUAGE_STANDARD = gnu11;
				GCC_NO_COMMON_BLOCKS = YES;
				GCC_WARN_64_TO_32_BIT_CONVERSION = YES;
				GCC_WARN_ABOUT_RETURN_TYPE = YES_ERROR;
				GCC_WARN_UNDECLARED_SELECTOR = YES;
				GCC_WARN_UNINITIALIZED_AUTOS = YES_AGGRESSIVE;
				GCC_WARN_UNUSED_FUNCTION = YES;
				GCC_WARN_UNUSED_VARIABLE = YES;
				IPHONEOS_DEPLOYMENT_TARGET = 14.1;
				MTL_ENABLE_DEBUG_INFO = NO;
				MTL_FAST_MATH = YES;
				SDKROOT = iphoneos;
				SWIFT_COMPILATION_MODE = wholemodule;
				SWIFT_OPTIMIZATION_LEVEL = "-O";
				VALIDATE_PRODUCT = YES;
			};
			name = Release;
		};
		3F6235D4257F7BE500DE7BDC /* Debug */ = {
			isa = XCBuildConfiguration;
			buildSettings = {
				ASSETCATALOG_COMPILER_APPICON_NAME = AppIcon;
				ASSETCATALOG_COMPILER_GLOBAL_ACCENT_COLOR_NAME = AccentColor;
				CODE_SIGN_STYLE = Automatic;
				INFOPLIST_FILE = "davaleba-12/Info.plist";
				LD_RUNPATH_SEARCH_PATHS = (
					"$(inherited)",
					"@executable_path/Frameworks",
				);
				PRODUCT_BUNDLE_IDENTIFIER = "lado.davaleba-12";
				PRODUCT_NAME = "$(TARGET_NAME)";
				SWIFT_VERSION = 5.0;
				TARGETED_DEVICE_FAMILY = "1,2";
			};
			name = Debug;
		};
		3F6235D5257F7BE500DE7BDC /* Release */ = {
			isa = XCBuildConfiguration;
			buildSettings = {
				ASSETCATALOG_COMPILER_APPICON_NAME = AppIcon;
				ASSETCATALOG_COMPILER_GLOBAL_ACCENT_COLOR_NAME = AccentColor;
				CODE_SIGN_STYLE = Automatic;
				INFOPLIST_FILE = "davaleba-12/Info.plist";
				LD_RUNPATH_SEARCH_PATHS = (
					"$(inherited)",
					"@executable_path/Frameworks",
				);
				PRODUCT_BUNDLE_IDENTIFIER = "lado.davaleba-12";
				PRODUCT_NAME = "$(TARGET_NAME)";
				SWIFT_VERSION = 5.0;
				TARGETED_DEVICE_FAMILY = "1,2";
			};
			name = Release;
		};
/* End XCBuildConfiguration section */

/* Begin XCConfigurationList section */
		3F6235BA257F7BE400DE7BDC /* Build configuration list for PBXProject "davaleba-12" */ = {
			isa = XCConfigurationList;
			buildConfigurations = (
				3F6235D1257F7BE500DE7BDC /* Debug */,
				3F6235D2257F7BE500DE7BDC /* Release */,
			);
			defaultConfigurationIsVisible = 0;
			defaultConfigurationName = Release;
		};
		3F6235D3257F7BE500DE7BDC /* Build configuration list for PBXNativeTarget "davaleba-12" */ = {
			isa = XCConfigurationList;
			buildConfigurations = (
				3F6235D4257F7BE500DE7BDC /* Debug */,
				3F6235D5257F7BE500DE7BDC /* Release */,
			);
			defaultConfigurationIsVisible = 0;
			defaultConfigurationName = Release;
		};
/* End XCConfigurationList section */
	};
	rootObject = 3F6235B7257F7BE400DE7BDC /* Project object */;
}
